PODS:
  - AFNetworking (3.1.0):
    - AFNetworking/NSURLSession (= 3.1.0)
    - AFNetworking/Reachability (= 3.1.0)
    - AFNetworking/Security (= 3.1.0)
    - AFNetworking/Serialization (= 3.1.0)
    - AFNetworking/UIKit (= 3.1.0)
  - AFNetworking/NSURLSession (3.1.0):
    - AFNetworking/Reachability
    - AFNetworking/Security
    - AFNetworking/Serialization
  - AFNetworking/Reachability (3.1.0)
  - AFNetworking/Security (3.1.0)
  - AFNetworking/Serialization (3.1.0)
  - AFNetworking/UIKit (3.1.0):
    - AFNetworking/NSURLSession
  - MBProgressHUD (1.0.0)
  - MTBBarcodeScanner (3.0.0)
  - Reachability (3.2)
  - SWRevealViewController (2.3.0)

DEPENDENCIES:
  - AFNetworking (~> 3.1)
  - MBProgressHUD (~> 1.0)
  - MTBBarcodeScanner (~> 3.0)
  - Reachability (~> 3.2)
  - SWRevealViewController (~> 2.3)

SPEC CHECKSUMS:
  AFNetworking: 5e0e199f73d8626b11e79750991f5d173d1f8b67
  MBProgressHUD: 4890f671c94e8a0f3cf959aa731e9de2f036d71a
  MTBBarcodeScanner: 354c1871f2e17d7d33d8bf3d861949387579e54a
  Reachability: 33e18b67625424e47b6cde6d202dce689ad7af96
  SWRevealViewController: 6d3fd97f70112fd7cef9de14df4260eacce4c63a

PODFILE CHECKSUM: dfd6babfa1b5d3c13dd6b29aa0fe4e55153b6952

COCOAPODS: 1.0.1
