// !$*UTF8*$!
{
	archiveVersion = 1;
	classes = {
	};
	objectVersion = 46;
	objects = {

/* Begin PBXBuildFile section */
		27A007799414EFBFCA82B51F /* Pods_HAI.framework in Frameworks */ = {isa = PBXBuildFile; fileRef = 6CE7040ACB7C5349D028E081 /* Pods_HAI.framework */; };
		9A01041A1D9BD8D50000E677 /* Localizable.strings in Resources */ = {isa = PBXBuildFile; fileRef = 9A0104191D9BD8D50000E677 /* Localizable.strings */; };
		9A08FF981E09812A0037DED9 /* ResultCell.m in Sources */ = {isa = PBXBuildFile; fileRef = 9A08FF971E09812A0037DED9 /* ResultCell.m */; };
		9A08FF9B1E0981C20037DED9 /* ResultView.m in Sources */ = {isa = PBXBuildFile; fileRef = 9A08FF9A1E0981C20037DED9 /* ResultView.m */; };
		9A15980E1DFD270C005F611D /* MenuCell.m in Sources */ = {isa = PBXBuildFile; fileRef = 9A15980D1DFD270C005F611D /* MenuCell.m */; };
		9A1BEA761DEC8FC700A792B9 /* ProductsManagerView.m in Sources */ = {isa = PBXBuildFile; fileRef = 9A1BEA751DEC8FC700A792B9 /* ProductsManagerView.m */; };
		9A1BEA791DEC90E700A792B9 /* SaveProductsView.m in Sources */ = {isa = PBXBuildFile; fileRef = 9A1BEA781DEC90E700A792B9 /* SaveProductsView.m */; };
		9A1BEA7C1DEC913600A792B9 /* CheckProductsView.m in Sources */ = {isa = PBXBuildFile; fileRef = 9A1BEA7B1DEC913600A792B9 /* CheckProductsView.m */; };
		9A207CAB1DB13BF500AFB3A7 /* CheckInModel.m in Sources */ = {isa = PBXBuildFile; fileRef = 9A207CAA1DB13BF500AFB3A7 /* CheckInModel.m */; };
		9A207CAE1DB13C8B00AFB3A7 /* CheckInViewModel.m in Sources */ = {isa = PBXBuildFile; fileRef = 9A207CAD1DB13C8B00AFB3A7 /* CheckInViewModel.m */; };
		9A35B3E01E044BCA0058E3DD /* Contacts.m in Sources */ = {isa = PBXBuildFile; fileRef = 9A35B3DF1E044BCA0058E3DD /* Contacts.m */; };
		9A3B70A11DF1CD6F00427F28 /* UserInformationView.m in Sources */ = {isa = PBXBuildFile; fileRef = 9A3B70A01DF1CD6F00427F28 /* UserInformationView.m */; };
		9A4C1EFA1DC3AA3E00C601F9 /* LoginView.m in Sources */ = {isa = PBXBuildFile; fileRef = 9A4C1EF91DC3AA3E00C601F9 /* LoginView.m */; };
		9A57432C1DF8543D00E13D44 /* EventAwardView.m in Sources */ = {isa = PBXBuildFile; fileRef = 9A57432B1DF8543D00E13D44 /* EventAwardView.m */; };
		9A5F19911D8E905700B2E5AB /* main.m in Sources */ = {isa = PBXBuildFile; fileRef = 9A5F19901D8E905700B2E5AB /* main.m */; };
		9A5F19941D8E905700B2E5AB /* AppDelegate.m in Sources */ = {isa = PBXBuildFile; fileRef = 9A5F19931D8E905700B2E5AB /* AppDelegate.m */; };
		9A5F19971D8E905700B2E5AB /* CheckStaffView.m in Sources */ = {isa = PBXBuildFile; fileRef = 9A5F19961D8E905700B2E5AB /* CheckStaffView.m */; };
		9A5F199A1D8E905700B2E5AB /* Main.storyboard in Resources */ = {isa = PBXBuildFile; fileRef = 9A5F19981D8E905700B2E5AB /* Main.storyboard */; };
		9A5F199F1D8E905700B2E5AB /* Assets.xcassets in Resources */ = {isa = PBXBuildFile; fileRef = 9A5F199E1D8E905700B2E5AB /* Assets.xcassets */; };
		9A5F19AD1D8E905700B2E5AB /* TemplateObjCTests.m in Sources */ = {isa = PBXBuildFile; fileRef = 9A5F19AC1D8E905700B2E5AB /* TemplateObjCTests.m */; };
		9A5F19B81D8E905700B2E5AB /* TemplateObjCUITests.m in Sources */ = {isa = PBXBuildFile; fileRef = 9A5F19B71D8E905700B2E5AB /* TemplateObjCUITests.m */; };
		9A5F19D71D8EA2CB00B2E5AB /* Constant.m in Sources */ = {isa = PBXBuildFile; fileRef = 9A5F19D61D8EA2CB00B2E5AB /* Constant.m */; };
		9A5F19DB1D8EA41E00B2E5AB /* UIImageView+Download.m in Sources */ = {isa = PBXBuildFile; fileRef = 9A5F19DA1D8EA41E00B2E5AB /* UIImageView+Download.m */; };
		9A5F19DF1D8EA9A700B2E5AB /* UIView+RoundedCorners.m in Sources */ = {isa = PBXBuildFile; fileRef = 9A5F19DE1D8EA9A700B2E5AB /* UIView+RoundedCorners.m */; };
		9A5F19E21D8EAB4700B2E5AB /* NetworkHelper.m in Sources */ = {isa = PBXBuildFile; fileRef = 9A5F19E11D8EAB4700B2E5AB /* NetworkHelper.m */; };
		9A5F19E51D8EAB5D00B2E5AB /* UtilityClass.m in Sources */ = {isa = PBXBuildFile; fileRef = 9A5F19E41D8EAB5D00B2E5AB /* UtilityClass.m */; };
		9A68D0841DEF46C100DFD4A9 /* EventDetailCell.m in Sources */ = {isa = PBXBuildFile; fileRef = 9A68D0831DEF46C100DFD4A9 /* EventDetailCell.m */; };
		9A6B4D181DEDE005002330AE /* TrackingCell.m in Sources */ = {isa = PBXBuildFile; fileRef = 9A6B4D171DEDE005002330AE /* TrackingCell.m */; };
		9A7170041DCA4E2000BC0C76 /* CheckInHistory.m in Sources */ = {isa = PBXBuildFile; fileRef = 9A7170031DCA4E2000BC0C76 /* CheckInHistory.m */; };
		9A7170071DCA53FE00BC0C76 /* CheckInHistoryCell.m in Sources */ = {isa = PBXBuildFile; fileRef = 9A7170061DCA53FE00BC0C76 /* CheckInHistoryCell.m */; };
		9A78CDAF1DEAC5E1009CF23C /* LaunchScreen.storyboard in Resources */ = {isa = PBXBuildFile; fileRef = 9A78CDAE1DEAC5E1009CF23C /* LaunchScreen.storyboard */; };
		9A78CDB41DEACF01009CF23C /* SupportModel.m in Sources */ = {isa = PBXBuildFile; fileRef = 9A78CDB31DEACF01009CF23C /* SupportModel.m */; };
		9A78CDB71DEACFB6009CF23C /* SupportViewModel.m in Sources */ = {isa = PBXBuildFile; fileRef = 9A78CDB61DEACFB6009CF23C /* SupportViewModel.m */; };
		9A78CDBA1DEAD9A3009CF23C /* SupportCell.m in Sources */ = {isa = PBXBuildFile; fileRef = 9A78CDB91DEAD9A3009CF23C /* SupportCell.m */; };
		9A79BBFE1DD6E496007099C7 /* SettingView.m in Sources */ = {isa = PBXBuildFile; fileRef = 9A79BBFD1DD6E496007099C7 /* SettingView.m */; };
		9A849AC81DDF71F9009EFEC3 /* EventView.m in Sources */ = {isa = PBXBuildFile; fileRef = 9A849AC71DDF71F9009EFEC3 /* EventView.m */; };
		9A849ACC1DDF7269009EFEC3 /* EventDetailView.m in Sources */ = {isa = PBXBuildFile; fileRef = 9A849ACB1DDF7269009EFEC3 /* EventDetailView.m */; };
		9A849ACF1DDF73F9009EFEC3 /* EventCell.m in Sources */ = {isa = PBXBuildFile; fileRef = 9A849ACE1DDF73F9009EFEC3 /* EventCell.m */; };
		9A89660C1DDA119800A8703E /* IEProductsView.m in Sources */ = {isa = PBXBuildFile; fileRef = 9A89660B1DDA119800A8703E /* IEProductsView.m */; };
		9A89660F1DDA11CB00A8703E /* ScanProductView.m in Sources */ = {isa = PBXBuildFile; fileRef = 9A89660E1DDA11CB00A8703E /* ScanProductView.m */; };
		9A8B7FBF1E0974E500F18A97 /* AgencyView.m in Sources */ = {isa = PBXBuildFile; fileRef = 9A8B7FBE1E0974E500F18A97 /* AgencyView.m */; };
		9A9010621DAD37A900F04FC3 /* ScanCardView.m in Sources */ = {isa = PBXBuildFile; fileRef = 9A9010611DAD37A900F04FC3 /* ScanCardView.m */; };
		9AB212951D9AC2AF0007E1CB /* BaseView.m in Sources */ = {isa = PBXBuildFile; fileRef = 9AB212941D9AC2AF0007E1CB /* BaseView.m */; };
		9AB5C3E21D8F0BC90040E00E /* CheckInView.m in Sources */ = {isa = PBXBuildFile; fileRef = 9AB5C3E11D8F0BC90040E00E /* CheckInView.m */; };
		9AD3A3331DC63E7900073E15 /* CALayer+BorderShadow.m in Sources */ = {isa = PBXBuildFile; fileRef = 9AD3A3321DC63E7900073E15 /* CALayer+BorderShadow.m */; };
		9AD4193A1D8EDD3D006FE776 /* HUDHelper.m in Sources */ = {isa = PBXBuildFile; fileRef = 9AD419391D8EDD3D006FE776 /* HUDHelper.m */; };
		9ADE8E461DD87B8100A010E2 /* SupportView.m in Sources */ = {isa = PBXBuildFile; fileRef = 9ADE8E451DD87B8100A010E2 /* SupportView.m */; };
		9AE2A6B81DFF14CB007FCD77 /* IEProductsCell.m in Sources */ = {isa = PBXBuildFile; fileRef = 9AE2A6B71DFF14CB007FCD77 /* IEProductsCell.m */; };
		9AEF94611DFDBF78008B874D /* GoogleService-Info.plist in Resources */ = {isa = PBXBuildFile; fileRef = 9AEF94601DFDBF78008B874D /* GoogleService-Info.plist */; };
		9AFDAF741DC4B9020055CBB4 /* MenuView.m in Sources */ = {isa = PBXBuildFile; fileRef = 9AFDAF731DC4B9020055CBB4 /* MenuView.m */; };
		9AFEA9C41DFED8AB003FB9E1 /* NewfeedModel.m in Sources */ = {isa = PBXBuildFile; fileRef = 9AFEA9C31DFED8AB003FB9E1 /* NewfeedModel.m */; };
		9AFEA9CA1DFED8D4003FB9E1 /* NewfeedViewModel.m in Sources */ = {isa = PBXBuildFile; fileRef = 9AFEA9C91DFED8D4003FB9E1 /* NewfeedViewModel.m */; };
		9AFEA9D11DFED92B003FB9E1 /* NewfeedCell.m in Sources */ = {isa = PBXBuildFile; fileRef = 9AFEA9CE1DFED92B003FB9E1 /* NewfeedCell.m */; };
		9AFEA9D21DFED92B003FB9E1 /* NewfeedView.m in Sources */ = {isa = PBXBuildFile; fileRef = 9AFEA9D01DFED92B003FB9E1 /* NewfeedView.m */; };
		9AFEA9D51DFED936003FB9E1 /* NewfeedDetailView.m in Sources */ = {isa = PBXBuildFile; fileRef = 9AFEA9D41DFED936003FB9E1 /* NewfeedDetailView.m */; };
/* End PBXBuildFile section */

/* Begin PBXContainerItemProxy section */
		9A5F19A91D8E905700B2E5AB /* PBXContainerItemProxy */ = {
			isa = PBXContainerItemProxy;
			containerPortal = 9A5F19841D8E905700B2E5AB /* Project object */;
			proxyType = 1;
			remoteGlobalIDString = 9A5F198B1D8E905700B2E5AB;
			remoteInfo = TemplateObjC;
		};
		9A5F19B41D8E905700B2E5AB /* PBXContainerItemProxy */ = {
			isa = PBXContainerItemProxy;
			containerPortal = 9A5F19841D8E905700B2E5AB /* Project object */;
			proxyType = 1;
			remoteGlobalIDString = 9A5F198B1D8E905700B2E5AB;
			remoteInfo = TemplateObjC;
		};
/* End PBXContainerItemProxy section */

/* Begin PBXFileReference section */
		6CE7040ACB7C5349D028E081 /* Pods_HAI.framework */ = {isa = PBXFileReference; explicitFileType = wrapper.framework; includeInIndex = 0; path = Pods_HAI.framework; sourceTree = BUILT_PRODUCTS_DIR; };
		89767553407CD20C1AB92B11 /* Pods-HAI.release.xcconfig */ = {isa = PBXFileReference; includeInIndex = 1; lastKnownFileType = text.xcconfig; name = "Pods-HAI.release.xcconfig"; path = "Pods/Target Support Files/Pods-HAI/Pods-HAI.release.xcconfig"; sourceTree = "<group>"; };
		9A0104191D9BD8D50000E677 /* Localizable.strings */ = {isa = PBXFileReference; fileEncoding = 4; lastKnownFileType = text.plist.strings; lineEnding = 0; path = Localizable.strings; sourceTree = "<group>"; xcLanguageSpecificationIdentifier = xcode.lang.simpleColoring; };
		9A08FF961E09810E0037DED9 /* ResultCell.h */ = {isa = PBXFileReference; lastKnownFileType = sourcecode.c.h; path = ResultCell.h; sourceTree = "<group>"; };
		9A08FF971E09812A0037DED9 /* ResultCell.m */ = {isa = PBXFileReference; fileEncoding = 4; lastKnownFileType = sourcecode.c.objc; path = ResultCell.m; sourceTree = "<group>"; };
		9A08FF991E0981B70037DED9 /* ResultView.h */ = {isa = PBXFileReference; lastKnownFileType = sourcecode.c.h; path = ResultView.h; sourceTree = "<group>"; };
		9A08FF9A1E0981C20037DED9 /* ResultView.m */ = {isa = PBXFileReference; fileEncoding = 4; lastKnownFileType = sourcecode.c.objc; path = ResultView.m; sourceTree = "<group>"; };
		9A15980C1DFD2700005F611D /* MenuCell.h */ = {isa = PBXFileReference; lastKnownFileType = sourcecode.c.h; lineEnding = 0; path = MenuCell.h; sourceTree = "<group>"; xcLanguageSpecificationIdentifier = xcode.lang.objcpp; };
		9A15980D1DFD270C005F611D /* MenuCell.m */ = {isa = PBXFileReference; fileEncoding = 4; lastKnownFileType = sourcecode.c.objc; lineEnding = 0; path = MenuCell.m; sourceTree = "<group>"; xcLanguageSpecificationIdentifier = xcode.lang.objc; };
		9A1BEA741DEC8FB800A792B9 /* ProductsManagerView.h */ = {isa = PBXFileReference; lastKnownFileType = sourcecode.c.h; lineEnding = 0; path = ProductsManagerView.h; sourceTree = "<group>"; xcLanguageSpecificationIdentifier = xcode.lang.objcpp; };
		9A1BEA751DEC8FC700A792B9 /* ProductsManagerView.m */ = {isa = PBXFileReference; fileEncoding = 4; lastKnownFileType = sourcecode.c.objc; lineEnding = 0; path = ProductsManagerView.m; sourceTree = "<group>"; xcLanguageSpecificationIdentifier = xcode.lang.objc; };
		9A1BEA771DEC90DB00A792B9 /* SaveProductsView.h */ = {isa = PBXFileReference; lastKnownFileType = sourcecode.c.h; lineEnding = 0; path = SaveProductsView.h; sourceTree = "<group>"; xcLanguageSpecificationIdentifier = xcode.lang.objcpp; };
		9A1BEA781DEC90E700A792B9 /* SaveProductsView.m */ = {isa = PBXFileReference; fileEncoding = 4; lastKnownFileType = sourcecode.c.objc; lineEnding = 0; path = SaveProductsView.m; sourceTree = "<group>"; xcLanguageSpecificationIdentifier = xcode.lang.objc; };
		9A1BEA7A1DEC912B00A792B9 /* CheckProductsView.h */ = {isa = PBXFileReference; lastKnownFileType = sourcecode.c.h; lineEnding = 0; path = CheckProductsView.h; sourceTree = "<group>"; xcLanguageSpecificationIdentifier = xcode.lang.objcpp; };
		9A1BEA7B1DEC913600A792B9 /* CheckProductsView.m */ = {isa = PBXFileReference; fileEncoding = 4; lastKnownFileType = sourcecode.c.objc; lineEnding = 0; path = CheckProductsView.m; sourceTree = "<group>"; xcLanguageSpecificationIdentifier = xcode.lang.objc; };
		9A207CA91DB13BE600AFB3A7 /* CheckInModel.h */ = {isa = PBXFileReference; lastKnownFileType = sourcecode.c.h; lineEnding = 0; path = CheckInModel.h; sourceTree = "<group>"; xcLanguageSpecificationIdentifier = xcode.lang.objcpp; };
		9A207CAA1DB13BF500AFB3A7 /* CheckInModel.m */ = {isa = PBXFileReference; fileEncoding = 4; lastKnownFileType = sourcecode.c.objc; lineEnding = 0; path = CheckInModel.m; sourceTree = "<group>"; xcLanguageSpecificationIdentifier = xcode.lang.objc; };
		9A207CAC1DB13C7F00AFB3A7 /* CheckInViewModel.h */ = {isa = PBXFileReference; lastKnownFileType = sourcecode.c.h; lineEnding = 0; path = CheckInViewModel.h; sourceTree = "<group>"; xcLanguageSpecificationIdentifier = xcode.lang.objcpp; };
		9A207CAD1DB13C8B00AFB3A7 /* CheckInViewModel.m */ = {isa = PBXFileReference; fileEncoding = 4; lastKnownFileType = sourcecode.c.objc; lineEnding = 0; path = CheckInViewModel.m; sourceTree = "<group>"; xcLanguageSpecificationIdentifier = xcode.lang.objc; };
		9A35B3DE1E044BC00058E3DD /* Contacts.h */ = {isa = PBXFileReference; lastKnownFileType = sourcecode.c.h; path = Contacts.h; sourceTree = "<group>"; };
		9A35B3DF1E044BCA0058E3DD /* Contacts.m */ = {isa = PBXFileReference; fileEncoding = 4; lastKnownFileType = sourcecode.c.objc; path = Contacts.m; sourceTree = "<group>"; };
		9A3B709F1DF1CD6100427F28 /* UserInformationView.h */ = {isa = PBXFileReference; lastKnownFileType = sourcecode.c.h; lineEnding = 0; path = UserInformationView.h; sourceTree = "<group>"; xcLanguageSpecificationIdentifier = xcode.lang.objcpp; };
		9A3B70A01DF1CD6F00427F28 /* UserInformationView.m */ = {isa = PBXFileReference; fileEncoding = 4; lastKnownFileType = sourcecode.c.objc; lineEnding = 0; path = UserInformationView.m; sourceTree = "<group>"; xcLanguageSpecificationIdentifier = xcode.lang.objc; };
		9A4A604E1DFDB1E0004151B8 /* HAI.entitlements */ = {isa = PBXFileReference; lastKnownFileType = text.plist.entitlements; name = HAI.entitlements; path = ../HAI.entitlements; sourceTree = "<group>"; };
		9A4C1EF81DC3AA2B00C601F9 /* LoginView.h */ = {isa = PBXFileReference; lastKnownFileType = sourcecode.c.h; lineEnding = 0; path = LoginView.h; sourceTree = "<group>"; xcLanguageSpecificationIdentifier = xcode.lang.objcpp; };
		9A4C1EF91DC3AA3E00C601F9 /* LoginView.m */ = {isa = PBXFileReference; fileEncoding = 4; lastKnownFileType = sourcecode.c.objc; lineEnding = 0; path = LoginView.m; sourceTree = "<group>"; xcLanguageSpecificationIdentifier = xcode.lang.objc; };
		9A57432A1DF8542E00E13D44 /* EventAwardView.h */ = {isa = PBXFileReference; lastKnownFileType = sourcecode.c.h; lineEnding = 0; path = EventAwardView.h; sourceTree = "<group>"; xcLanguageSpecificationIdentifier = xcode.lang.objcpp; };
		9A57432B1DF8543D00E13D44 /* EventAwardView.m */ = {isa = PBXFileReference; fileEncoding = 4; lastKnownFileType = sourcecode.c.objc; lineEnding = 0; path = EventAwardView.m; sourceTree = "<group>"; xcLanguageSpecificationIdentifier = xcode.lang.objc; };
		9A5F198C1D8E905700B2E5AB /* HAI.app */ = {isa = PBXFileReference; explicitFileType = wrapper.application; includeInIndex = 0; path = HAI.app; sourceTree = BUILT_PRODUCTS_DIR; };
		9A5F19901D8E905700B2E5AB /* main.m */ = {isa = PBXFileReference; lastKnownFileType = sourcecode.c.objc; lineEnding = 0; path = main.m; sourceTree = "<group>"; xcLanguageSpecificationIdentifier = xcode.lang.objc; };
		9A5F19921D8E905700B2E5AB /* AppDelegate.h */ = {isa = PBXFileReference; lastKnownFileType = sourcecode.c.h; lineEnding = 0; path = AppDelegate.h; sourceTree = "<group>"; xcLanguageSpecificationIdentifier = xcode.lang.objcpp; };
		9A5F19931D8E905700B2E5AB /* AppDelegate.m */ = {isa = PBXFileReference; lastKnownFileType = sourcecode.c.objc; lineEnding = 0; path = AppDelegate.m; sourceTree = "<group>"; xcLanguageSpecificationIdentifier = xcode.lang.objc; };
		9A5F19951D8E905700B2E5AB /* CheckStaffView.h */ = {isa = PBXFileReference; lastKnownFileType = sourcecode.c.h; lineEnding = 0; path = CheckStaffView.h; sourceTree = "<group>"; xcLanguageSpecificationIdentifier = xcode.lang.objcpp; };
		9A5F19961D8E905700B2E5AB /* CheckStaffView.m */ = {isa = PBXFileReference; lastKnownFileType = sourcecode.c.objc; lineEnding = 0; path = CheckStaffView.m; sourceTree = "<group>"; xcLanguageSpecificationIdentifier = xcode.lang.objc; };
		9A5F19991D8E905700B2E5AB /* Base */ = {isa = PBXFileReference; lastKnownFileType = file.storyboard; name = Base; path = Base.lproj/Main.storyboard; sourceTree = "<group>"; };
		9A5F199E1D8E905700B2E5AB /* Assets.xcassets */ = {isa = PBXFileReference; lastKnownFileType = folder.assetcatalog; path = Assets.xcassets; sourceTree = "<group>"; };
		9A5F19A31D8E905700B2E5AB /* Info.plist */ = {isa = PBXFileReference; lastKnownFileType = text.plist.xml; path = Info.plist; sourceTree = "<group>"; };
		9A5F19A81D8E905700B2E5AB /* HAITests.xctest */ = {isa = PBXFileReference; explicitFileType = wrapper.cfbundle; includeInIndex = 0; path = HAITests.xctest; sourceTree = BUILT_PRODUCTS_DIR; };
		9A5F19AC1D8E905700B2E5AB /* TemplateObjCTests.m */ = {isa = PBXFileReference; lastKnownFileType = sourcecode.c.objc; lineEnding = 0; path = TemplateObjCTests.m; sourceTree = "<group>"; xcLanguageSpecificationIdentifier = xcode.lang.objc; };
		9A5F19AE1D8E905700B2E5AB /* Info.plist */ = {isa = PBXFileReference; lastKnownFileType = text.plist.xml; path = Info.plist; sourceTree = "<group>"; };
		9A5F19B31D8E905700B2E5AB /* HAIUITests.xctest */ = {isa = PBXFileReference; explicitFileType = wrapper.cfbundle; includeInIndex = 0; path = HAIUITests.xctest; sourceTree = BUILT_PRODUCTS_DIR; };
		9A5F19B71D8E905700B2E5AB /* TemplateObjCUITests.m */ = {isa = PBXFileReference; lastKnownFileType = sourcecode.c.objc; lineEnding = 0; path = TemplateObjCUITests.m; sourceTree = "<group>"; xcLanguageSpecificationIdentifier = xcode.lang.objc; };
		9A5F19B91D8E905800B2E5AB /* Info.plist */ = {isa = PBXFileReference; lastKnownFileType = text.plist.xml; path = Info.plist; sourceTree = "<group>"; };
		9A5F19CB1D8E914800B2E5AB /* Constant.h */ = {isa = PBXFileReference; lastKnownFileType = sourcecode.c.h; lineEnding = 0; path = Constant.h; sourceTree = "<group>"; xcLanguageSpecificationIdentifier = xcode.lang.objcpp; };
		9A5F19D61D8EA2CB00B2E5AB /* Constant.m */ = {isa = PBXFileReference; fileEncoding = 4; lastKnownFileType = sourcecode.c.objc; lineEnding = 0; path = Constant.m; sourceTree = "<group>"; xcLanguageSpecificationIdentifier = xcode.lang.objc; };
		9A5F19D91D8EA40500B2E5AB /* UIImageView+Download.h */ = {isa = PBXFileReference; lastKnownFileType = sourcecode.c.h; lineEnding = 0; path = "UIImageView+Download.h"; sourceTree = "<group>"; xcLanguageSpecificationIdentifier = xcode.lang.objcpp; };
		9A5F19DA1D8EA41E00B2E5AB /* UIImageView+Download.m */ = {isa = PBXFileReference; fileEncoding = 4; lastKnownFileType = sourcecode.c.objc; lineEnding = 0; path = "UIImageView+Download.m"; sourceTree = "<group>"; xcLanguageSpecificationIdentifier = xcode.lang.objc; };
		9A5F19DD1D8EA99800B2E5AB /* UIView+RoundedCorners.h */ = {isa = PBXFileReference; lastKnownFileType = sourcecode.c.h; lineEnding = 0; path = "UIView+RoundedCorners.h"; sourceTree = "<group>"; xcLanguageSpecificationIdentifier = xcode.lang.objcpp; };
		9A5F19DE1D8EA9A700B2E5AB /* UIView+RoundedCorners.m */ = {isa = PBXFileReference; fileEncoding = 4; lastKnownFileType = sourcecode.c.objc; lineEnding = 0; path = "UIView+RoundedCorners.m"; sourceTree = "<group>"; xcLanguageSpecificationIdentifier = xcode.lang.objc; };
		9A5F19E01D8EAB3D00B2E5AB /* NetworkHelper.h */ = {isa = PBXFileReference; lastKnownFileType = sourcecode.c.h; path = NetworkHelper.h; sourceTree = "<group>"; };
		9A5F19E11D8EAB4700B2E5AB /* NetworkHelper.m */ = {isa = PBXFileReference; fileEncoding = 4; lastKnownFileType = sourcecode.c.objc; path = NetworkHelper.m; sourceTree = "<group>"; };
		9A5F19E31D8EAB5D00B2E5AB /* UtilityClass.h */ = {isa = PBXFileReference; fileEncoding = 4; lastKnownFileType = sourcecode.c.h; lineEnding = 0; path = UtilityClass.h; sourceTree = "<group>"; xcLanguageSpecificationIdentifier = xcode.lang.objcpp; };
		9A5F19E41D8EAB5D00B2E5AB /* UtilityClass.m */ = {isa = PBXFileReference; fileEncoding = 4; lastKnownFileType = sourcecode.c.objc; lineEnding = 0; path = UtilityClass.m; sourceTree = "<group>"; xcLanguageSpecificationIdentifier = xcode.lang.objc; };
		9A68D0821DEF46AE00DFD4A9 /* EventDetailCell.h */ = {isa = PBXFileReference; lastKnownFileType = sourcecode.c.h; path = EventDetailCell.h; sourceTree = "<group>"; };
		9A68D0831DEF46C100DFD4A9 /* EventDetailCell.m */ = {isa = PBXFileReference; fileEncoding = 4; lastKnownFileType = sourcecode.c.objc; path = EventDetailCell.m; sourceTree = "<group>"; };
		9A6B4D161DEDDFEA002330AE /* TrackingCell.h */ = {isa = PBXFileReference; lastKnownFileType = sourcecode.c.h; lineEnding = 0; path = TrackingCell.h; sourceTree = "<group>"; xcLanguageSpecificationIdentifier = xcode.lang.objcpp; };
		9A6B4D171DEDE005002330AE /* TrackingCell.m */ = {isa = PBXFileReference; fileEncoding = 4; lastKnownFileType = sourcecode.c.objc; lineEnding = 0; path = TrackingCell.m; sourceTree = "<group>"; xcLanguageSpecificationIdentifier = xcode.lang.objc; };
		9A7170021DCA4E0F00BC0C76 /* CheckInHistory.h */ = {isa = PBXFileReference; lastKnownFileType = sourcecode.c.h; lineEnding = 0; path = CheckInHistory.h; sourceTree = "<group>"; xcLanguageSpecificationIdentifier = xcode.lang.objcpp; };
		9A7170031DCA4E2000BC0C76 /* CheckInHistory.m */ = {isa = PBXFileReference; fileEncoding = 4; lastKnownFileType = sourcecode.c.objc; lineEnding = 0; path = CheckInHistory.m; sourceTree = "<group>"; xcLanguageSpecificationIdentifier = xcode.lang.objc; };
		9A7170051DCA53F100BC0C76 /* CheckInHistoryCell.h */ = {isa = PBXFileReference; lastKnownFileType = sourcecode.c.h; lineEnding = 0; path = CheckInHistoryCell.h; sourceTree = "<group>"; xcLanguageSpecificationIdentifier = xcode.lang.objcpp; };
		9A7170061DCA53FE00BC0C76 /* CheckInHistoryCell.m */ = {isa = PBXFileReference; fileEncoding = 4; lastKnownFileType = sourcecode.c.objc; lineEnding = 0; path = CheckInHistoryCell.m; sourceTree = "<group>"; xcLanguageSpecificationIdentifier = xcode.lang.objc; };
		9A78CDAE1DEAC5E1009CF23C /* LaunchScreen.storyboard */ = {isa = PBXFileReference; fileEncoding = 4; lastKnownFileType = file.storyboard; path = LaunchScreen.storyboard; sourceTree = "<group>"; };
		9A78CDB21DEACEF0009CF23C /* SupportModel.h */ = {isa = PBXFileReference; lastKnownFileType = sourcecode.c.h; lineEnding = 0; path = SupportModel.h; sourceTree = "<group>"; xcLanguageSpecificationIdentifier = xcode.lang.objcpp; };
		9A78CDB31DEACF01009CF23C /* SupportModel.m */ = {isa = PBXFileReference; fileEncoding = 4; lastKnownFileType = sourcecode.c.objc; lineEnding = 0; path = SupportModel.m; sourceTree = "<group>"; xcLanguageSpecificationIdentifier = xcode.lang.objc; };
		9A78CDB51DEACFA8009CF23C /* SupportViewModel.h */ = {isa = PBXFileReference; lastKnownFileType = sourcecode.c.h; lineEnding = 0; path = SupportViewModel.h; sourceTree = "<group>"; xcLanguageSpecificationIdentifier = xcode.lang.objcpp; };
		9A78CDB61DEACFB6009CF23C /* SupportViewModel.m */ = {isa = PBXFileReference; fileEncoding = 4; lastKnownFileType = sourcecode.c.objc; lineEnding = 0; path = SupportViewModel.m; sourceTree = "<group>"; xcLanguageSpecificationIdentifier = xcode.lang.objc; };
		9A78CDB81DEAD992009CF23C /* SupportCell.h */ = {isa = PBXFileReference; lastKnownFileType = sourcecode.c.h; lineEnding = 0; path = SupportCell.h; sourceTree = "<group>"; xcLanguageSpecificationIdentifier = xcode.lang.objcpp; };
		9A78CDB91DEAD9A3009CF23C /* SupportCell.m */ = {isa = PBXFileReference; fileEncoding = 4; lastKnownFileType = sourcecode.c.objc; lineEnding = 0; path = SupportCell.m; sourceTree = "<group>"; xcLanguageSpecificationIdentifier = xcode.lang.objc; };
		9A79BBFC1DD6E47C007099C7 /* SettingView.h */ = {isa = PBXFileReference; lastKnownFileType = sourcecode.c.h; lineEnding = 0; path = SettingView.h; sourceTree = "<group>"; xcLanguageSpecificationIdentifier = xcode.lang.objcpp; };
		9A79BBFD1DD6E496007099C7 /* SettingView.m */ = {isa = PBXFileReference; fileEncoding = 4; lastKnownFileType = sourcecode.c.objc; lineEnding = 0; path = SettingView.m; sourceTree = "<group>"; xcLanguageSpecificationIdentifier = xcode.lang.objc; };
		9A849AC61DDF71E8009EFEC3 /* EventView.h */ = {isa = PBXFileReference; lastKnownFileType = sourcecode.c.h; path = EventView.h; sourceTree = "<group>"; };
		9A849AC71DDF71F9009EFEC3 /* EventView.m */ = {isa = PBXFileReference; fileEncoding = 4; lastKnownFileType = sourcecode.c.objc; path = EventView.m; sourceTree = "<group>"; };
		9A849ACA1DDF7258009EFEC3 /* EventDetailView.h */ = {isa = PBXFileReference; lastKnownFileType = sourcecode.c.h; path = EventDetailView.h; sourceTree = "<group>"; };
		9A849ACB1DDF7269009EFEC3 /* EventDetailView.m */ = {isa = PBXFileReference; fileEncoding = 4; lastKnownFileType = sourcecode.c.objc; path = EventDetailView.m; sourceTree = "<group>"; };
		9A849ACD1DDF73CF009EFEC3 /* EventCell.h */ = {isa = PBXFileReference; lastKnownFileType = sourcecode.c.h; lineEnding = 0; path = EventCell.h; sourceTree = "<group>"; xcLanguageSpecificationIdentifier = xcode.lang.objcpp; };
		9A849ACE1DDF73F9009EFEC3 /* EventCell.m */ = {isa = PBXFileReference; fileEncoding = 4; lastKnownFileType = sourcecode.c.objc; lineEnding = 0; path = EventCell.m; sourceTree = "<group>"; xcLanguageSpecificationIdentifier = xcode.lang.objc; };
		9A89660A1DDA118700A8703E /* IEProductsView.h */ = {isa = PBXFileReference; lastKnownFileType = sourcecode.c.h; path = IEProductsView.h; sourceTree = "<group>"; };
		9A89660B1DDA119800A8703E /* IEProductsView.m */ = {isa = PBXFileReference; fileEncoding = 4; lastKnownFileType = sourcecode.c.objc; lineEnding = 0; path = IEProductsView.m; sourceTree = "<group>"; xcLanguageSpecificationIdentifier = xcode.lang.objc; };
		9A89660D1DDA11BF00A8703E /* ScanProductView.h */ = {isa = PBXFileReference; lastKnownFileType = sourcecode.c.h; lineEnding = 0; path = ScanProductView.h; sourceTree = "<group>"; xcLanguageSpecificationIdentifier = xcode.lang.objcpp; };
		9A89660E1DDA11CB00A8703E /* ScanProductView.m */ = {isa = PBXFileReference; fileEncoding = 4; lastKnownFileType = sourcecode.c.objc; lineEnding = 0; path = ScanProductView.m; sourceTree = "<group>"; xcLanguageSpecificationIdentifier = xcode.lang.objc; };
		9A8B7FBD1E0974DB00F18A97 /* AgencyView.h */ = {isa = PBXFileReference; lastKnownFileType = sourcecode.c.h; path = AgencyView.h; sourceTree = "<group>"; };
		9A8B7FBE1E0974E500F18A97 /* AgencyView.m */ = {isa = PBXFileReference; fileEncoding = 4; lastKnownFileType = sourcecode.c.objc; path = AgencyView.m; sourceTree = "<group>"; };
		9A9010601DAD379C00F04FC3 /* ScanCardView.h */ = {isa = PBXFileReference; lastKnownFileType = sourcecode.c.h; lineEnding = 0; path = ScanCardView.h; sourceTree = "<group>"; xcLanguageSpecificationIdentifier = xcode.lang.objcpp; };
		9A9010611DAD37A900F04FC3 /* ScanCardView.m */ = {isa = PBXFileReference; fileEncoding = 4; lastKnownFileType = sourcecode.c.objc; lineEnding = 0; path = ScanCardView.m; sourceTree = "<group>"; xcLanguageSpecificationIdentifier = xcode.lang.objc; };
		9AB212931D9AC2A60007E1CB /* BaseView.h */ = {isa = PBXFileReference; lastKnownFileType = sourcecode.c.h; lineEnding = 0; path = BaseView.h; sourceTree = "<group>"; xcLanguageSpecificationIdentifier = xcode.lang.objcpp; };
		9AB212941D9AC2AF0007E1CB /* BaseView.m */ = {isa = PBXFileReference; fileEncoding = 4; lastKnownFileType = sourcecode.c.objc; lineEnding = 0; path = BaseView.m; sourceTree = "<group>"; xcLanguageSpecificationIdentifier = xcode.lang.objc; };
		9AB5C3E01D8F0BB60040E00E /* CheckInView.h */ = {isa = PBXFileReference; lastKnownFileType = sourcecode.c.h; lineEnding = 0; path = CheckInView.h; sourceTree = "<group>"; xcLanguageSpecificationIdentifier = xcode.lang.objcpp; };
		9AB5C3E11D8F0BC90040E00E /* CheckInView.m */ = {isa = PBXFileReference; fileEncoding = 4; lastKnownFileType = sourcecode.c.objc; lineEnding = 0; path = CheckInView.m; sourceTree = "<group>"; xcLanguageSpecificationIdentifier = xcode.lang.objc; };
		9AD3A3311DC63E6C00073E15 /* CALayer+BorderShadow.h */ = {isa = PBXFileReference; lastKnownFileType = sourcecode.c.h; lineEnding = 0; path = "CALayer+BorderShadow.h"; sourceTree = "<group>"; xcLanguageSpecificationIdentifier = xcode.lang.objcpp; };
		9AD3A3321DC63E7900073E15 /* CALayer+BorderShadow.m */ = {isa = PBXFileReference; fileEncoding = 4; lastKnownFileType = sourcecode.c.objc; lineEnding = 0; path = "CALayer+BorderShadow.m"; sourceTree = "<group>"; xcLanguageSpecificationIdentifier = xcode.lang.objc; };
		9AD419381D8EDD2F006FE776 /* HUDHelper.h */ = {isa = PBXFileReference; lastKnownFileType = sourcecode.c.h; lineEnding = 0; path = HUDHelper.h; sourceTree = "<group>"; xcLanguageSpecificationIdentifier = xcode.lang.objcpp; };
		9AD419391D8EDD3D006FE776 /* HUDHelper.m */ = {isa = PBXFileReference; fileEncoding = 4; lastKnownFileType = sourcecode.c.objc; lineEnding = 0; path = HUDHelper.m; sourceTree = "<group>"; xcLanguageSpecificationIdentifier = xcode.lang.objc; };
		9ADE8E441DD87B6D00A010E2 /* SupportView.h */ = {isa = PBXFileReference; lastKnownFileType = sourcecode.c.h; lineEnding = 0; path = SupportView.h; sourceTree = "<group>"; xcLanguageSpecificationIdentifier = xcode.lang.objcpp; };
		9ADE8E451DD87B8100A010E2 /* SupportView.m */ = {isa = PBXFileReference; fileEncoding = 4; lastKnownFileType = sourcecode.c.objc; lineEnding = 0; path = SupportView.m; sourceTree = "<group>"; xcLanguageSpecificationIdentifier = xcode.lang.objc; };
		9AE2A6B61DFF14B6007FCD77 /* IEProductsCell.h */ = {isa = PBXFileReference; lastKnownFileType = sourcecode.c.h; path = IEProductsCell.h; sourceTree = "<group>"; };
		9AE2A6B71DFF14CB007FCD77 /* IEProductsCell.m */ = {isa = PBXFileReference; fileEncoding = 4; lastKnownFileType = sourcecode.c.objc; path = IEProductsCell.m; sourceTree = "<group>"; };
		9AEF94601DFDBF78008B874D /* GoogleService-Info.plist */ = {isa = PBXFileReference; fileEncoding = 4; lastKnownFileType = text.plist.xml; path = "GoogleService-Info.plist"; sourceTree = "<group>"; };
		9AFDAF721DC4B8F70055CBB4 /* MenuView.h */ = {isa = PBXFileReference; lastKnownFileType = sourcecode.c.h; lineEnding = 0; path = MenuView.h; sourceTree = "<group>"; xcLanguageSpecificationIdentifier = xcode.lang.objcpp; };
		9AFDAF731DC4B9020055CBB4 /* MenuView.m */ = {isa = PBXFileReference; fileEncoding = 4; lastKnownFileType = sourcecode.c.objc; lineEnding = 0; path = MenuView.m; sourceTree = "<group>"; xcLanguageSpecificationIdentifier = xcode.lang.objc; };
		9AFEA9C21DFED8AB003FB9E1 /* NewfeedModel.h */ = {isa = PBXFileReference; fileEncoding = 4; lastKnownFileType = sourcecode.c.h; path = NewfeedModel.h; sourceTree = "<group>"; };
		9AFEA9C31DFED8AB003FB9E1 /* NewfeedModel.m */ = {isa = PBXFileReference; fileEncoding = 4; lastKnownFileType = sourcecode.c.objc; path = NewfeedModel.m; sourceTree = "<group>"; };
		9AFEA9C81DFED8D4003FB9E1 /* NewfeedViewModel.h */ = {isa = PBXFileReference; fileEncoding = 4; lastKnownFileType = sourcecode.c.h; path = NewfeedViewModel.h; sourceTree = "<group>"; };
		9AFEA9C91DFED8D4003FB9E1 /* NewfeedViewModel.m */ = {isa = PBXFileReference; fileEncoding = 4; lastKnownFileType = sourcecode.c.objc; path = NewfeedViewModel.m; sourceTree = "<group>"; };
		9AFEA9CD1DFED92B003FB9E1 /* NewfeedCell.h */ = {isa = PBXFileReference; fileEncoding = 4; lastKnownFileType = sourcecode.c.h; path = NewfeedCell.h; sourceTree = "<group>"; };
		9AFEA9CE1DFED92B003FB9E1 /* NewfeedCell.m */ = {isa = PBXFileReference; fileEncoding = 4; lastKnownFileType = sourcecode.c.objc; path = NewfeedCell.m; sourceTree = "<group>"; };
		9AFEA9CF1DFED92B003FB9E1 /* NewfeedView.h */ = {isa = PBXFileReference; fileEncoding = 4; lastKnownFileType = sourcecode.c.h; path = NewfeedView.h; sourceTree = "<group>"; };
		9AFEA9D01DFED92B003FB9E1 /* NewfeedView.m */ = {isa = PBXFileReference; fileEncoding = 4; lastKnownFileType = sourcecode.c.objc; path = NewfeedView.m; sourceTree = "<group>"; };
		9AFEA9D31DFED936003FB9E1 /* NewfeedDetailView.h */ = {isa = PBXFileReference; fileEncoding = 4; lastKnownFileType = sourcecode.c.h; path = NewfeedDetailView.h; sourceTree = "<group>"; };
		9AFEA9D41DFED936003FB9E1 /* NewfeedDetailView.m */ = {isa = PBXFileReference; fileEncoding = 4; lastKnownFileType = sourcecode.c.objc; path = NewfeedDetailView.m; sourceTree = "<group>"; };
		9E6F0C6F43E35CD015EEF840 /* Pods-HAI.debug.xcconfig */ = {isa = PBXFileReference; includeInIndex = 1; lastKnownFileType = text.xcconfig; name = "Pods-HAI.debug.xcconfig"; path = "Pods/Target Support Files/Pods-HAI/Pods-HAI.debug.xcconfig"; sourceTree = "<group>"; };
/* End PBXFileReference section */

/* Begin PBXFrameworksBuildPhase section */
		9A5F19891D8E905700B2E5AB /* Frameworks */ = {
			isa = PBXFrameworksBuildPhase;
			buildActionMask = 2147483647;
			files = (
				27A007799414EFBFCA82B51F /* Pods_HAI.framework in Frameworks */,
			);
			runOnlyForDeploymentPostprocessing = 0;
		};
		9A5F19A51D8E905700B2E5AB /* Frameworks */ = {
			isa = PBXFrameworksBuildPhase;
			buildActionMask = 2147483647;
			files = (
			);
			runOnlyForDeploymentPostprocessing = 0;
		};
		9A5F19B01D8E905700B2E5AB /* Frameworks */ = {
			isa = PBXFrameworksBuildPhase;
			buildActionMask = 2147483647;
			files = (
			);
			runOnlyForDeploymentPostprocessing = 0;
		};
/* End PBXFrameworksBuildPhase section */

/* Begin PBXGroup section */
		48C97E043069A5E7511F1953 /* Frameworks */ = {
			isa = PBXGroup;
			children = (
				6CE7040ACB7C5349D028E081 /* Pods_HAI.framework */,
			);
			name = Frameworks;
			sourceTree = "<group>";
		};
		9A08FF951E0980F80037DED9 /* Result */ = {
			isa = PBXGroup;
			children = (
				9A08FF961E09810E0037DED9 /* ResultCell.h */,
				9A08FF971E09812A0037DED9 /* ResultCell.m */,
				9A08FF991E0981B70037DED9 /* ResultView.h */,
				9A08FF9A1E0981C20037DED9 /* ResultView.m */,
			);
			name = Result;
			sourceTree = "<group>";
		};
		9A1BEA711DEC8F0700A792B9 /* ProductsManager */ = {
			isa = PBXGroup;
			children = (
				9A1BEA741DEC8FB800A792B9 /* ProductsManagerView.h */,
				9A1BEA751DEC8FC700A792B9 /* ProductsManagerView.m */,
			);
			path = ProductsManager;
			sourceTree = "<group>";
		};
		9A1BEA721DEC8F1800A792B9 /* SaveProducts */ = {
			isa = PBXGroup;
			children = (
				9A1BEA771DEC90DB00A792B9 /* SaveProductsView.h */,
				9A1BEA781DEC90E700A792B9 /* SaveProductsView.m */,
			);
			path = SaveProducts;
			sourceTree = "<group>";
		};
		9A1BEA731DEC8F2A00A792B9 /* CheckProducts */ = {
			isa = PBXGroup;
			children = (
				9A1BEA7A1DEC912B00A792B9 /* CheckProductsView.h */,
				9A1BEA7B1DEC913600A792B9 /* CheckProductsView.m */,
				9A6B4D161DEDDFEA002330AE /* TrackingCell.h */,
				9A6B4D171DEDE005002330AE /* TrackingCell.m */,
			);
			path = CheckProducts;
			sourceTree = "<group>";
		};
		9A1DDCE61DACEB1D00E7AE23 /* ViewModel */ = {
			isa = PBXGroup;
			children = (
				9AFEA9C71DFED8C8003FB9E1 /* Newfeed */,
				9A664C411DC8F58300AB9CEE /* CheckIn */,
				9A78CDB11DEACEB3009CF23C /* Support */,
			);
			path = ViewModel;
			sourceTree = "<group>";
		};
		9A35B3DD1E044BAB0058E3DD /* Contacts */ = {
			isa = PBXGroup;
			children = (
				9A35B3DE1E044BC00058E3DD /* Contacts.h */,
				9A35B3DF1E044BCA0058E3DD /* Contacts.m */,
			);
			name = Contacts;
			sourceTree = "<group>";
		};
		9A3B709E1DF1CD2B00427F28 /* UserInformation */ = {
			isa = PBXGroup;
			children = (
				9A3B709F1DF1CD6100427F28 /* UserInformationView.h */,
				9A3B70A01DF1CD6F00427F28 /* UserInformationView.m */,
			);
			path = UserInformation;
			sourceTree = "<group>";
		};
		9A3D67221D90D83100A71D62 /* CheckStaff */ = {
			isa = PBXGroup;
			children = (
				9A5F19951D8E905700B2E5AB /* CheckStaffView.h */,
				9A5F19961D8E905700B2E5AB /* CheckStaffView.m */,
			);
			path = CheckStaff;
			sourceTree = "<group>";
		};
		9A3D67231D90D83C00A71D62 /* CheckIn */ = {
			isa = PBXGroup;
			children = (
				9AB5C3E01D8F0BB60040E00E /* CheckInView.h */,
				9AB5C3E11D8F0BC90040E00E /* CheckInView.m */,
			);
			path = CheckIn;
			sourceTree = "<group>";
		};
		9A4C1EF71DC3A9BA00C601F9 /* Login */ = {
			isa = PBXGroup;
			children = (
				9A4C1EF81DC3AA2B00C601F9 /* LoginView.h */,
				9A4C1EF91DC3AA3E00C601F9 /* LoginView.m */,
			);
			path = Login;
			sourceTree = "<group>";
		};
		9A5743291DF8540D00E13D44 /* EventAward */ = {
			isa = PBXGroup;
			children = (
				9A68D0821DEF46AE00DFD4A9 /* EventDetailCell.h */,
				9A68D0831DEF46C100DFD4A9 /* EventDetailCell.m */,
				9A57432A1DF8542E00E13D44 /* EventAwardView.h */,
				9A57432B1DF8543D00E13D44 /* EventAwardView.m */,
			);
			path = EventAward;
			sourceTree = "<group>";
		};
		9A5F19831D8E905700B2E5AB = {
			isa = PBXGroup;
			children = (
				9A5F198E1D8E905700B2E5AB /* HAI */,
				9A5F19AB1D8E905700B2E5AB /* HAITests */,
				9A5F19B61D8E905700B2E5AB /* HAIUITests */,
				48C97E043069A5E7511F1953 /* Frameworks */,
				AC335B873EECD59726E39A67 /* Pods */,
				9A5F198D1D8E905700B2E5AB /* Products */,
			);
			sourceTree = "<group>";
		};
		9A5F198D1D8E905700B2E5AB /* Products */ = {
			isa = PBXGroup;
			children = (
				9A5F198C1D8E905700B2E5AB /* HAI.app */,
				9A5F19A81D8E905700B2E5AB /* HAITests.xctest */,
				9A5F19B31D8E905700B2E5AB /* HAIUITests.xctest */,
			);
			name = Products;
			sourceTree = "<group>";
		};
		9A5F198E1D8E905700B2E5AB /* HAI */ = {
			isa = PBXGroup;
			children = (
				9A5F19C91D8E90A700B2E5AB /* Resource */,
				9A5F19C51D8E907700B2E5AB /* Helpers */,
				9A5F19C71D8E907B00B2E5AB /* Model */,
				9A1DDCE61DACEB1D00E7AE23 /* ViewModel */,
				9A5F19C61D8E907900B2E5AB /* View */,
				9A5F19C81D8E907C00B2E5AB /* Layout */,
				9A5F19921D8E905700B2E5AB /* AppDelegate.h */,
				9A5F19931D8E905700B2E5AB /* AppDelegate.m */,
				9A5F198F1D8E905700B2E5AB /* Supporting Files */,
			);
			path = HAI;
			sourceTree = "<group>";
		};
		9A5F198F1D8E905700B2E5AB /* Supporting Files */ = {
			isa = PBXGroup;
			children = (
				9A4A604E1DFDB1E0004151B8 /* HAI.entitlements */,
				9AEF94601DFDBF78008B874D /* GoogleService-Info.plist */,
				9A5F19A31D8E905700B2E5AB /* Info.plist */,
				9A5F19901D8E905700B2E5AB /* main.m */,
			);
			path = "Supporting Files";
			sourceTree = "<group>";
		};
		9A5F19AB1D8E905700B2E5AB /* HAITests */ = {
			isa = PBXGroup;
			children = (
				9A5F19AE1D8E905700B2E5AB /* Info.plist */,
				9A5F19AC1D8E905700B2E5AB /* TemplateObjCTests.m */,
			);
			path = HAITests;
			sourceTree = "<group>";
		};
		9A5F19B61D8E905700B2E5AB /* HAIUITests */ = {
			isa = PBXGroup;
			children = (
				9A5F19B91D8E905800B2E5AB /* Info.plist */,
				9A5F19B71D8E905700B2E5AB /* TemplateObjCUITests.m */,
			);
			path = HAIUITests;
			sourceTree = "<group>";
		};
		9A5F19C51D8E907700B2E5AB /* Helpers */ = {
			isa = PBXGroup;
			children = (
				9A5F19E61D8EAC8F00B2E5AB /* NetworkHelper */,
				9A5F19D21D8EA15C00B2E5AB /* Constant */,
				9AD419371D8EDCC1006FE776 /* HUDHelper */,
				9A5F19D11D8EA14D00B2E5AB /* Localization */,
				9AD3A3301DC63E5200073E15 /* CALayer+BorderShadow */,
				9A5F19D81D8EA33300B2E5AB /* UIImageView+Dowload */,
				9A5F19DC1D8EA97700B2E5AB /* UIView+RoundedCorners */,
				9A5F19E71D8EACD500B2E5AB /* UtilityClass */,
			);
			path = Helpers;
			sourceTree = "<group>";
		};
		9A5F19C61D8E907900B2E5AB /* View */ = {
			isa = PBXGroup;
			children = (
				9AB212921D9AC2830007E1CB /* Base */,
				9A4C1EF71DC3A9BA00C601F9 /* Login */,
				9AFDAF711DC4B8E80055CBB4 /* Menu */,
				9A3D67231D90D83C00A71D62 /* CheckIn */,
				9A7170011DCA4DF100BC0C76 /* CheckInHistory */,
				9A8B7FBC1E09748E00F18A97 /* Agency */,
				9A3D67221D90D83100A71D62 /* CheckStaff */,
				9A90105F1DAD375800F04FC3 /* ScanCard */,
				9A1BEA711DEC8F0700A792B9 /* ProductsManager */,
				9A8966071DDA10FE00A8703E /* IEProducts */,
				9A8966081DDA110B00A8703E /* ScanProduct */,
				9A1BEA721DEC8F1800A792B9 /* SaveProducts */,
				9A08FF951E0980F80037DED9 /* Result */,
				9A1BEA731DEC8F2A00A792B9 /* CheckProducts */,
				9A849AC41DDF718A009EFEC3 /* Event */,
				9A849AC51DDF7193009EFEC3 /* EventDetail */,
				9A5743291DF8540D00E13D44 /* EventAward */,
				9AFEA9CB1DFED8F4003FB9E1 /* Newfeed */,
				9AFEA9CC1DFED901003FB9E1 /* NewfeedDetail */,
				9A79BBFB1DD6E439007099C7 /* Setting */,
				9ADE8E431DD87B5600A010E2 /* Support */,
				9A3B709E1DF1CD2B00427F28 /* UserInformation */,
				9A35B3DD1E044BAB0058E3DD /* Contacts */,
			);
			path = View;
			sourceTree = "<group>";
		};
		9A5F19C71D8E907B00B2E5AB /* Model */ = {
			isa = PBXGroup;
			children = (
				9AFEA9C11DFED87A003FB9E1 /* Newfeed */,
				9A664C401DC8F57400AB9CEE /* CheckIn */,
				9A78CDB01DEACEAB009CF23C /* Support */,
			);
			path = Model;
			sourceTree = "<group>";
		};
		9A5F19C81D8E907C00B2E5AB /* Layout */ = {
			isa = PBXGroup;
			children = (
				9A5F19981D8E905700B2E5AB /* Main.storyboard */,
				9A78CDAE1DEAC5E1009CF23C /* LaunchScreen.storyboard */,
			);
			path = Layout;
			sourceTree = "<group>";
		};
		9A5F19C91D8E90A700B2E5AB /* Resource */ = {
			isa = PBXGroup;
			children = (
				9A5F199E1D8E905700B2E5AB /* Assets.xcassets */,
			);
			path = Resource;
			sourceTree = "<group>";
		};
		9A5F19D11D8EA14D00B2E5AB /* Localization */ = {
			isa = PBXGroup;
			children = (
				9A0104191D9BD8D50000E677 /* Localizable.strings */,
			);
			path = Localization;
			sourceTree = "<group>";
		};
		9A5F19D21D8EA15C00B2E5AB /* Constant */ = {
			isa = PBXGroup;
			children = (
				9A5F19CB1D8E914800B2E5AB /* Constant.h */,
				9A5F19D61D8EA2CB00B2E5AB /* Constant.m */,
			);
			path = Constant;
			sourceTree = "<group>";
		};
		9A5F19D81D8EA33300B2E5AB /* UIImageView+Dowload */ = {
			isa = PBXGroup;
			children = (
				9A5F19D91D8EA40500B2E5AB /* UIImageView+Download.h */,
				9A5F19DA1D8EA41E00B2E5AB /* UIImageView+Download.m */,
			);
			path = "UIImageView+Dowload";
			sourceTree = "<group>";
		};
		9A5F19DC1D8EA97700B2E5AB /* UIView+RoundedCorners */ = {
			isa = PBXGroup;
			children = (
				9A5F19DD1D8EA99800B2E5AB /* UIView+RoundedCorners.h */,
				9A5F19DE1D8EA9A700B2E5AB /* UIView+RoundedCorners.m */,
			);
			path = "UIView+RoundedCorners";
			sourceTree = "<group>";
		};
		9A5F19E61D8EAC8F00B2E5AB /* NetworkHelper */ = {
			isa = PBXGroup;
			children = (
				9A5F19E01D8EAB3D00B2E5AB /* NetworkHelper.h */,
				9A5F19E11D8EAB4700B2E5AB /* NetworkHelper.m */,
			);
			path = NetworkHelper;
			sourceTree = "<group>";
		};
		9A5F19E71D8EACD500B2E5AB /* UtilityClass */ = {
			isa = PBXGroup;
			children = (
				9A5F19E31D8EAB5D00B2E5AB /* UtilityClass.h */,
				9A5F19E41D8EAB5D00B2E5AB /* UtilityClass.m */,
			);
			path = UtilityClass;
			sourceTree = "<group>";
		};
		9A664C401DC8F57400AB9CEE /* CheckIn */ = {
			isa = PBXGroup;
			children = (
				9A207CA91DB13BE600AFB3A7 /* CheckInModel.h */,
				9A207CAA1DB13BF500AFB3A7 /* CheckInModel.m */,
			);
			path = CheckIn;
			sourceTree = "<group>";
		};
		9A664C411DC8F58300AB9CEE /* CheckIn */ = {
			isa = PBXGroup;
			children = (
				9A207CAC1DB13C7F00AFB3A7 /* CheckInViewModel.h */,
				9A207CAD1DB13C8B00AFB3A7 /* CheckInViewModel.m */,
			);
			path = CheckIn;
			sourceTree = "<group>";
		};
		9A7170011DCA4DF100BC0C76 /* CheckInHistory */ = {
			isa = PBXGroup;
			children = (
				9A7170021DCA4E0F00BC0C76 /* CheckInHistory.h */,
				9A7170031DCA4E2000BC0C76 /* CheckInHistory.m */,
				9A7170051DCA53F100BC0C76 /* CheckInHistoryCell.h */,
				9A7170061DCA53FE00BC0C76 /* CheckInHistoryCell.m */,
			);
			path = CheckInHistory;
			sourceTree = "<group>";
		};
		9A78CDB01DEACEAB009CF23C /* Support */ = {
			isa = PBXGroup;
			children = (
				9A78CDB21DEACEF0009CF23C /* SupportModel.h */,
				9A78CDB31DEACF01009CF23C /* SupportModel.m */,
			);
			path = Support;
			sourceTree = "<group>";
		};
		9A78CDB11DEACEB3009CF23C /* Support */ = {
			isa = PBXGroup;
			children = (
				9A78CDB51DEACFA8009CF23C /* SupportViewModel.h */,
				9A78CDB61DEACFB6009CF23C /* SupportViewModel.m */,
			);
			path = Support;
			sourceTree = "<group>";
		};
		9A79BBFB1DD6E439007099C7 /* Setting */ = {
			isa = PBXGroup;
			children = (
				9A79BBFC1DD6E47C007099C7 /* SettingView.h */,
				9A79BBFD1DD6E496007099C7 /* SettingView.m */,
			);
			path = Setting;
			sourceTree = "<group>";
		};
		9A849AC41DDF718A009EFEC3 /* Event */ = {
			isa = PBXGroup;
			children = (
				9A849AC61DDF71E8009EFEC3 /* EventView.h */,
				9A849AC71DDF71F9009EFEC3 /* EventView.m */,
				9A849ACD1DDF73CF009EFEC3 /* EventCell.h */,
				9A849ACE1DDF73F9009EFEC3 /* EventCell.m */,
			);
			path = Event;
			sourceTree = "<group>";
		};
		9A849AC51DDF7193009EFEC3 /* EventDetail */ = {
			isa = PBXGroup;
			children = (
				9A849ACA1DDF7258009EFEC3 /* EventDetailView.h */,
				9A849ACB1DDF7269009EFEC3 /* EventDetailView.m */,
			);
			path = EventDetail;
			sourceTree = "<group>";
		};
		9A8966071DDA10FE00A8703E /* IEProducts */ = {
			isa = PBXGroup;
			children = (
				9A89660A1DDA118700A8703E /* IEProductsView.h */,
				9A89660B1DDA119800A8703E /* IEProductsView.m */,
				9AE2A6B61DFF14B6007FCD77 /* IEProductsCell.h */,
				9AE2A6B71DFF14CB007FCD77 /* IEProductsCell.m */,
			);
			path = IEProducts;
			sourceTree = "<group>";
		};
		9A8966081DDA110B00A8703E /* ScanProduct */ = {
			isa = PBXGroup;
			children = (
				9A89660D1DDA11BF00A8703E /* ScanProductView.h */,
				9A89660E1DDA11CB00A8703E /* ScanProductView.m */,
			);
			path = ScanProduct;
			sourceTree = "<group>";
		};
		9A8B7FBC1E09748E00F18A97 /* Agency */ = {
			isa = PBXGroup;
			children = (
				9A8B7FBD1E0974DB00F18A97 /* AgencyView.h */,
				9A8B7FBE1E0974E500F18A97 /* AgencyView.m */,
			);
			name = Agency;
			sourceTree = "<group>";
		};
		9A90105F1DAD375800F04FC3 /* ScanCard */ = {
			isa = PBXGroup;
			children = (
				9A9010601DAD379C00F04FC3 /* ScanCardView.h */,
				9A9010611DAD37A900F04FC3 /* ScanCardView.m */,
			);
			path = ScanCard;
			sourceTree = "<group>";
		};
		9AB212921D9AC2830007E1CB /* Base */ = {
			isa = PBXGroup;
			children = (
				9AB212931D9AC2A60007E1CB /* BaseView.h */,
				9AB212941D9AC2AF0007E1CB /* BaseView.m */,
			);
			path = Base;
			sourceTree = "<group>";
		};
		9AD3A3301DC63E5200073E15 /* CALayer+BorderShadow */ = {
			isa = PBXGroup;
			children = (
				9AD3A3311DC63E6C00073E15 /* CALayer+BorderShadow.h */,
				9AD3A3321DC63E7900073E15 /* CALayer+BorderShadow.m */,
			);
			path = "CALayer+BorderShadow";
			sourceTree = "<group>";
		};
		9AD419371D8EDCC1006FE776 /* HUDHelper */ = {
			isa = PBXGroup;
			children = (
				9AD419381D8EDD2F006FE776 /* HUDHelper.h */,
				9AD419391D8EDD3D006FE776 /* HUDHelper.m */,
			);
			path = HUDHelper;
			sourceTree = "<group>";
		};
		9ADE8E431DD87B5600A010E2 /* Support */ = {
			isa = PBXGroup;
			children = (
				9ADE8E441DD87B6D00A010E2 /* SupportView.h */,
				9ADE8E451DD87B8100A010E2 /* SupportView.m */,
				9A78CDB81DEAD992009CF23C /* SupportCell.h */,
				9A78CDB91DEAD9A3009CF23C /* SupportCell.m */,
			);
			path = Support;
			sourceTree = "<group>";
		};
		9AFDAF711DC4B8E80055CBB4 /* Menu */ = {
			isa = PBXGroup;
			children = (
				9AFDAF721DC4B8F70055CBB4 /* MenuView.h */,
				9AFDAF731DC4B9020055CBB4 /* MenuView.m */,
				9A15980C1DFD2700005F611D /* MenuCell.h */,
				9A15980D1DFD270C005F611D /* MenuCell.m */,
			);
			path = Menu;
			sourceTree = "<group>";
		};
		9AFEA9C11DFED87A003FB9E1 /* Newfeed */ = {
			isa = PBXGroup;
			children = (
				9AFEA9C21DFED8AB003FB9E1 /* NewfeedModel.h */,
				9AFEA9C31DFED8AB003FB9E1 /* NewfeedModel.m */,
			);
			path = Newfeed;
			sourceTree = "<group>";
		};
		9AFEA9C71DFED8C8003FB9E1 /* Newfeed */ = {
			isa = PBXGroup;
			children = (
				9AFEA9C81DFED8D4003FB9E1 /* NewfeedViewModel.h */,
				9AFEA9C91DFED8D4003FB9E1 /* NewfeedViewModel.m */,
			);
			path = Newfeed;
			sourceTree = "<group>";
		};
		9AFEA9CB1DFED8F4003FB9E1 /* Newfeed */ = {
			isa = PBXGroup;
			children = (
				9AFEA9CD1DFED92B003FB9E1 /* NewfeedCell.h */,
				9AFEA9CE1DFED92B003FB9E1 /* NewfeedCell.m */,
				9AFEA9CF1DFED92B003FB9E1 /* NewfeedView.h */,
				9AFEA9D01DFED92B003FB9E1 /* NewfeedView.m */,
			);
			path = Newfeed;
			sourceTree = "<group>";
		};
		9AFEA9CC1DFED901003FB9E1 /* NewfeedDetail */ = {
			isa = PBXGroup;
			children = (
				9AFEA9D31DFED936003FB9E1 /* NewfeedDetailView.h */,
				9AFEA9D41DFED936003FB9E1 /* NewfeedDetailView.m */,
			);
			path = NewfeedDetail;
			sourceTree = "<group>";
		};
		AC335B873EECD59726E39A67 /* Pods */ = {
			isa = PBXGroup;
			children = (
				9E6F0C6F43E35CD015EEF840 /* Pods-HAI.debug.xcconfig */,
				89767553407CD20C1AB92B11 /* Pods-HAI.release.xcconfig */,
			);
			name = Pods;
			sourceTree = "<group>";
		};
/* End PBXGroup section */

/* Begin PBXNativeTarget section */
		9A5F198B1D8E905700B2E5AB /* HAI */ = {
			isa = PBXNativeTarget;
			buildConfigurationList = 9A5F19BC1D8E905800B2E5AB /* Build configuration list for PBXNativeTarget "HAI" */;
			buildPhases = (
				BDC540DD95AEC6DDC9D4E1D5 /* [CP] Check Pods Manifest.lock */,
				9A5F19881D8E905700B2E5AB /* Sources */,
				9A5F19891D8E905700B2E5AB /* Frameworks */,
				9A5F198A1D8E905700B2E5AB /* Resources */,
				C148C57AF00DA99F136978CE /* [CP] Embed Pods Frameworks */,
				9DD8AD4837C7EF47B989207A /* [CP] Copy Pods Resources */,
			);
			buildRules = (
			);
			dependencies = (
			);
			name = HAI;
			productName = TemplateObjC;
			productReference = 9A5F198C1D8E905700B2E5AB /* HAI.app */;
			productType = "com.apple.product-type.application";
		};
		9A5F19A71D8E905700B2E5AB /* HAITests */ = {
			isa = PBXNativeTarget;
			buildConfigurationList = 9A5F19BF1D8E905800B2E5AB /* Build configuration list for PBXNativeTarget "HAITests" */;
			buildPhases = (
				9A5F19A41D8E905700B2E5AB /* Sources */,
				9A5F19A51D8E905700B2E5AB /* Frameworks */,
				9A5F19A61D8E905700B2E5AB /* Resources */,
			);
			buildRules = (
			);
			dependencies = (
				9A5F19AA1D8E905700B2E5AB /* PBXTargetDependency */,
			);
			name = HAITests;
			productName = TemplateObjCTests;
			productReference = 9A5F19A81D8E905700B2E5AB /* HAITests.xctest */;
			productType = "com.apple.product-type.bundle.unit-test";
		};
		9A5F19B21D8E905700B2E5AB /* HAIUITests */ = {
			isa = PBXNativeTarget;
			buildConfigurationList = 9A5F19C21D8E905800B2E5AB /* Build configuration list for PBXNativeTarget "HAIUITests" */;
			buildPhases = (
				9A5F19AF1D8E905700B2E5AB /* Sources */,
				9A5F19B01D8E905700B2E5AB /* Frameworks */,
				9A5F19B11D8E905700B2E5AB /* Resources */,
			);
			buildRules = (
			);
			dependencies = (
				9A5F19B51D8E905700B2E5AB /* PBXTargetDependency */,
			);
			name = HAIUITests;
			productName = TemplateObjCUITests;
			productReference = 9A5F19B31D8E905700B2E5AB /* HAIUITests.xctest */;
			productType = "com.apple.product-type.bundle.ui-testing";
		};
/* End PBXNativeTarget section */

/* Begin PBXProject section */
		9A5F19841D8E905700B2E5AB /* Project object */ = {
			isa = PBXProject;
			attributes = {
				LastUpgradeCheck = 0800;
				ORGANIZATIONNAME = "Dung Do";
				TargetAttributes = {
					9A5F198B1D8E905700B2E5AB = {
						CreatedOnToolsVersion = 8.0;
						DevelopmentTeam = A5R29KHVUM;
						ProvisioningStyle = Automatic;
						SystemCapabilities = {
							com.apple.BackgroundModes = {
								enabled = 1;
							};
							com.apple.Push = {
								enabled = 1;
							};
						};
					};
					9A5F19A71D8E905700B2E5AB = {
						CreatedOnToolsVersion = 8.0;
						DevelopmentTeam = A5R29KHVUM;
						ProvisioningStyle = Automatic;
						TestTargetID = 9A5F198B1D8E905700B2E5AB;
					};
					9A5F19B21D8E905700B2E5AB = {
						CreatedOnToolsVersion = 8.0;
						DevelopmentTeam = A5R29KHVUM;
						ProvisioningStyle = Automatic;
						TestTargetID = 9A5F198B1D8E905700B2E5AB;
					};
				};
			};
			buildConfigurationList = 9A5F19871D8E905700B2E5AB /* Build configuration list for PBXProject "HAI" */;
			compatibilityVersion = "Xcode 3.2";
			developmentRegion = English;
			hasScannedForEncodings = 0;
			knownRegions = (
				en,
				Base,
			);
			mainGroup = 9A5F19831D8E905700B2E5AB;
			productRefGroup = 9A5F198D1D8E905700B2E5AB /* Products */;
			projectDirPath = "";
			projectRoot = "";
			targets = (
				9A5F198B1D8E905700B2E5AB /* HAI */,
				9A5F19A71D8E905700B2E5AB /* HAITests */,
				9A5F19B21D8E905700B2E5AB /* HAIUITests */,
			);
		};
/* End PBXProject section */

/* Begin PBXResourcesBuildPhase section */
		9A5F198A1D8E905700B2E5AB /* Resources */ = {
			isa = PBXResourcesBuildPhase;
			buildActionMask = 2147483647;
			files = (
				9A5F199F1D8E905700B2E5AB /* Assets.xcassets in Resources */,
				9A5F199A1D8E905700B2E5AB /* Main.storyboard in Resources */,
				9AEF94611DFDBF78008B874D /* GoogleService-Info.plist in Resources */,
				9A78CDAF1DEAC5E1009CF23C /* LaunchScreen.storyboard in Resources */,
				9A01041A1D9BD8D50000E677 /* Localizable.strings in Resources */,
			);
			runOnlyForDeploymentPostprocessing = 0;
		};
		9A5F19A61D8E905700B2E5AB /* Resources */ = {
			isa = PBXResourcesBuildPhase;
			buildActionMask = 2147483647;
			files = (
			);
			runOnlyForDeploymentPostprocessing = 0;
		};
		9A5F19B11D8E905700B2E5AB /* Resources */ = {
			isa = PBXResourcesBuildPhase;
			buildActionMask = 2147483647;
			files = (
			);
			runOnlyForDeploymentPostprocessing = 0;
		};
/* End PBXResourcesBuildPhase section */

/* Begin PBXShellScriptBuildPhase section */
		9DD8AD4837C7EF47B989207A /* [CP] Copy Pods Resources */ = {
			isa = PBXShellScriptBuildPhase;
			buildActionMask = 2147483647;
			files = (
			);
			inputPaths = (
			);
			name = "[CP] Copy Pods Resources";
			outputPaths = (
			);
			runOnlyForDeploymentPostprocessing = 0;
			shellPath = /bin/sh;
			shellScript = "\"${SRCROOT}/Pods/Target Support Files/Pods-HAI/Pods-HAI-resources.sh\"\n";
			showEnvVarsInLog = 0;
		};
		BDC540DD95AEC6DDC9D4E1D5 /* [CP] Check Pods Manifest.lock */ = {
			isa = PBXShellScriptBuildPhase;
			buildActionMask = 2147483647;
			files = (
			);
			inputPaths = (
			);
			name = "[CP] Check Pods Manifest.lock";
			outputPaths = (
			);
			runOnlyForDeploymentPostprocessing = 0;
			shellPath = /bin/sh;
			shellScript = "diff \"${PODS_ROOT}/../Podfile.lock\" \"${PODS_ROOT}/Manifest.lock\" > /dev/null\nif [ $? != 0 ] ; then\n    # print error to STDERR\n    echo \"error: The sandbox is not in sync with the Podfile.lock. Run 'pod install' or update your CocoaPods installation.\" >&2\n    exit 1\nfi\n";
			showEnvVarsInLog = 0;
		};
		C148C57AF00DA99F136978CE /* [CP] Embed Pods Frameworks */ = {
			isa = PBXShellScriptBuildPhase;
			buildActionMask = 2147483647;
			files = (
			);
			inputPaths = (
			);
			name = "[CP] Embed Pods Frameworks";
			outputPaths = (
			);
			runOnlyForDeploymentPostprocessing = 0;
			shellPath = /bin/sh;
			shellScript = "\"${SRCROOT}/Pods/Target Support Files/Pods-HAI/Pods-HAI-frameworks.sh\"\n";
			showEnvVarsInLog = 0;
		};
/* End PBXShellScriptBuildPhase section */

/* Begin PBXSourcesBuildPhase section */
		9A5F19881D8E905700B2E5AB /* Sources */ = {
			isa = PBXSourcesBuildPhase;
			buildActionMask = 2147483647;
			files = (
				9A79BBFE1DD6E496007099C7 /* SettingView.m in Sources */,
				9AB212951D9AC2AF0007E1CB /* BaseView.m in Sources */,
				9AFEA9C41DFED8AB003FB9E1 /* NewfeedModel.m in Sources */,
				9A849ACC1DDF7269009EFEC3 /* EventDetailView.m in Sources */,
				9A9010621DAD37A900F04FC3 /* ScanCardView.m in Sources */,
				9AD4193A1D8EDD3D006FE776 /* HUDHelper.m in Sources */,
				9AFEA9D51DFED936003FB9E1 /* NewfeedDetailView.m in Sources */,
				9A5F19971D8E905700B2E5AB /* CheckStaffView.m in Sources */,
				9A15980E1DFD270C005F611D /* MenuCell.m in Sources */,
				9A849ACF1DDF73F9009EFEC3 /* EventCell.m in Sources */,
				9AE2A6B81DFF14CB007FCD77 /* IEProductsCell.m in Sources */,
				9ADE8E461DD87B8100A010E2 /* SupportView.m in Sources */,
				9A78CDBA1DEAD9A3009CF23C /* SupportCell.m in Sources */,
				9A3B70A11DF1CD6F00427F28 /* UserInformationView.m in Sources */,
				9A78CDB41DEACF01009CF23C /* SupportModel.m in Sources */,
				9A5F19E51D8EAB5D00B2E5AB /* UtilityClass.m in Sources */,
				9A08FF981E09812A0037DED9 /* ResultCell.m in Sources */,
				9A1BEA761DEC8FC700A792B9 /* ProductsManagerView.m in Sources */,
				9A78CDB71DEACFB6009CF23C /* SupportViewModel.m in Sources */,
				9AD3A3331DC63E7900073E15 /* CALayer+BorderShadow.m in Sources */,
				9A8B7FBF1E0974E500F18A97 /* AgencyView.m in Sources */,
				9AFEA9CA1DFED8D4003FB9E1 /* NewfeedViewModel.m in Sources */,
				9AFDAF741DC4B9020055CBB4 /* MenuView.m in Sources */,
				9AB5C3E21D8F0BC90040E00E /* CheckInView.m in Sources */,
				9A89660C1DDA119800A8703E /* IEProductsView.m in Sources */,
				9A5F19DF1D8EA9A700B2E5AB /* UIView+RoundedCorners.m in Sources */,
				9AFEA9D11DFED92B003FB9E1 /* NewfeedCell.m in Sources */,
				9A1BEA791DEC90E700A792B9 /* SaveProductsView.m in Sources */,
				9A5F19DB1D8EA41E00B2E5AB /* UIImageView+Download.m in Sources */,
				9A6B4D181DEDE005002330AE /* TrackingCell.m in Sources */,
				9A5F19E21D8EAB4700B2E5AB /* NetworkHelper.m in Sources */,
				9A207CAB1DB13BF500AFB3A7 /* CheckInModel.m in Sources */,
				9AFEA9D21DFED92B003FB9E1 /* NewfeedView.m in Sources */,
				9A08FF9B1E0981C20037DED9 /* ResultView.m in Sources */,
				9A849AC81DDF71F9009EFEC3 /* EventView.m in Sources */,
				9A35B3E01E044BCA0058E3DD /* Contacts.m in Sources */,
				9A5F19941D8E905700B2E5AB /* AppDelegate.m in Sources */,
				9A7170071DCA53FE00BC0C76 /* CheckInHistoryCell.m in Sources */,
				9A89660F1DDA11CB00A8703E /* ScanProductView.m in Sources */,
				9A4C1EFA1DC3AA3E00C601F9 /* LoginView.m in Sources */,
				9A1BEA7C1DEC913600A792B9 /* CheckProductsView.m in Sources */,
				9A5F19911D8E905700B2E5AB /* main.m in Sources */,
				9A57432C1DF8543D00E13D44 /* EventAwardView.m in Sources */,
				9A5F19D71D8EA2CB00B2E5AB /* Constant.m in Sources */,
				9A7170041DCA4E2000BC0C76 /* CheckInHistory.m in Sources */,
				9A207CAE1DB13C8B00AFB3A7 /* CheckInViewModel.m in Sources */,
				9A68D0841DEF46C100DFD4A9 /* EventDetailCell.m in Sources */,
			);
			runOnlyForDeploymentPostprocessing = 0;
		};
		9A5F19A41D8E905700B2E5AB /* Sources */ = {
			isa = PBXSourcesBuildPhase;
			buildActionMask = 2147483647;
			files = (
				9A5F19AD1D8E905700B2E5AB /* TemplateObjCTests.m in Sources */,
			);
			runOnlyForDeploymentPostprocessing = 0;
		};
		9A5F19AF1D8E905700B2E5AB /* Sources */ = {
			isa = PBXSourcesBuildPhase;
			buildActionMask = 2147483647;
			files = (
				9A5F19B81D8E905700B2E5AB /* TemplateObjCUITests.m in Sources */,
			);
			runOnlyForDeploymentPostprocessing = 0;
		};
/* End PBXSourcesBuildPhase section */

/* Begin PBXTargetDependency section */
		9A5F19AA1D8E905700B2E5AB /* PBXTargetDependency */ = {
			isa = PBXTargetDependency;
			target = 9A5F198B1D8E905700B2E5AB /* HAI */;
			targetProxy = 9A5F19A91D8E905700B2E5AB /* PBXContainerItemProxy */;
		};
		9A5F19B51D8E905700B2E5AB /* PBXTargetDependency */ = {
			isa = PBXTargetDependency;
			target = 9A5F198B1D8E905700B2E5AB /* HAI */;
			targetProxy = 9A5F19B41D8E905700B2E5AB /* PBXContainerItemProxy */;
		};
/* End PBXTargetDependency section */

/* Begin PBXVariantGroup section */
		9A5F19981D8E905700B2E5AB /* Main.storyboard */ = {
			isa = PBXVariantGroup;
			children = (
				9A5F19991D8E905700B2E5AB /* Base */,
			);
			name = Main.storyboard;
			path = .;
			sourceTree = "<group>";
		};
/* End PBXVariantGroup section */

/* Begin XCBuildConfiguration section */
		9A5F19BA1D8E905800B2E5AB /* Debug */ = {
			isa = XCBuildConfiguration;
			buildSettings = {
				ALWAYS_SEARCH_USER_PATHS = NO;
				CLANG_ANALYZER_NONNULL = YES;
				CLANG_CXX_LANGUAGE_STANDARD = "gnu++0x";
				CLANG_CXX_LIBRARY = "libc++";
				CLANG_ENABLE_MODULES = YES;
				CLANG_ENABLE_OBJC_ARC = YES;
				CLANG_WARN_BOOL_CONVERSION = YES;
				CLANG_WARN_CONSTANT_CONVERSION = YES;
				CLANG_WARN_DIRECT_OBJC_ISA_USAGE = YES_ERROR;
				CLANG_WARN_DOCUMENTATION_COMMENTS = YES;
				CLANG_WARN_EMPTY_BODY = YES;
				CLANG_WARN_ENUM_CONVERSION = YES;
				CLANG_WARN_INFINITE_RECURSION = YES;
				CLANG_WARN_INT_CONVERSION = YES;
				CLANG_WARN_OBJC_ROOT_CLASS = YES_ERROR;
				CLANG_WARN_SUSPICIOUS_MOVE = YES;
				CLANG_WARN_SUSPICIOUS_MOVES = YES;
				CLANG_WARN_UNREACHABLE_CODE = YES;
				CLANG_WARN__DUPLICATE_METHOD_MATCH = YES;
				"CODE_SIGN_IDENTITY[sdk=iphoneos*]" = "iPhone Developer";
				COPY_PHASE_STRIP = NO;
				DEBUG_INFORMATION_FORMAT = dwarf;
				ENABLE_STRICT_OBJC_MSGSEND = YES;
				ENABLE_TESTABILITY = YES;
				GCC_C_LANGUAGE_STANDARD = gnu99;
				GCC_DYNAMIC_NO_PIC = NO;
				GCC_NO_COMMON_BLOCKS = YES;
				GCC_OPTIMIZATION_LEVEL = 0;
				GCC_PREPROCESSOR_DEFINITIONS = (
					"DEBUG=1",
					"$(inherited)",
				);
				GCC_WARN_64_TO_32_BIT_CONVERSION = YES;
				GCC_WARN_ABOUT_RETURN_TYPE = YES_ERROR;
				GCC_WARN_UNDECLARED_SELECTOR = YES;
				GCC_WARN_UNINITIALIZED_AUTOS = YES_AGGRESSIVE;
				GCC_WARN_UNUSED_FUNCTION = YES;
				GCC_WARN_UNUSED_VARIABLE = YES;
				IPHONEOS_DEPLOYMENT_TARGET = 9.3;
				MTL_ENABLE_DEBUG_INFO = YES;
				ONLY_ACTIVE_ARCH = YES;
				SDKROOT = iphoneos;
				TARGETED_DEVICE_FAMILY = "1,2";
			};
			name = Debug;
		};
		9A5F19BB1D8E905800B2E5AB /* Release */ = {
			isa = XCBuildConfiguration;
			buildSettings = {
				ALWAYS_SEARCH_USER_PATHS = NO;
				CLANG_ANALYZER_NONNULL = YES;
				CLANG_CXX_LANGUAGE_STANDARD = "gnu++0x";
				CLANG_CXX_LIBRARY = "libc++";
				CLANG_ENABLE_MODULES = YES;
				CLANG_ENABLE_OBJC_ARC = YES;
				CLANG_WARN_BOOL_CONVERSION = YES;
				CLANG_WARN_CONSTANT_CONVERSION = YES;
				CLANG_WARN_DIRECT_OBJC_ISA_USAGE = YES_ERROR;
				CLANG_WARN_DOCUMENTATION_COMMENTS = YES;
				CLANG_WARN_EMPTY_BODY = YES;
				CLANG_WARN_ENUM_CONVERSION = YES;
				CLANG_WARN_INFINITE_RECURSION = YES;
				CLANG_WARN_INT_CONVERSION = YES;
				CLANG_WARN_OBJC_ROOT_CLASS = YES_ERROR;
				CLANG_WARN_SUSPICIOUS_MOVE = YES;
				CLANG_WARN_SUSPICIOUS_MOVES = YES;
				CLANG_WARN_UNREACHABLE_CODE = YES;
				CLANG_WARN__DUPLICATE_METHOD_MATCH = YES;
				"CODE_SIGN_IDENTITY[sdk=iphoneos*]" = "iPhone Developer";
				COPY_PHASE_STRIP = NO;
				DEBUG_INFORMATION_FORMAT = "dwarf-with-dsym";
				ENABLE_NS_ASSERTIONS = NO;
				ENABLE_STRICT_OBJC_MSGSEND = YES;
				GCC_C_LANGUAGE_STANDARD = gnu99;
				GCC_NO_COMMON_BLOCKS = YES;
				GCC_WARN_64_TO_32_BIT_CONVERSION = YES;
				GCC_WARN_ABOUT_RETURN_TYPE = YES_ERROR;
				GCC_WARN_UNDECLARED_SELECTOR = YES;
				GCC_WARN_UNINITIALIZED_AUTOS = YES_AGGRESSIVE;
				GCC_WARN_UNUSED_FUNCTION = YES;
				GCC_WARN_UNUSED_VARIABLE = YES;
				IPHONEOS_DEPLOYMENT_TARGET = 9.3;
				MTL_ENABLE_DEBUG_INFO = NO;
				SDKROOT = iphoneos;
				TARGETED_DEVICE_FAMILY = "1,2";
				VALIDATE_PRODUCT = YES;
			};
			name = Release;
		};
		9A5F19BD1D8E905800B2E5AB /* Debug */ = {
			isa = XCBuildConfiguration;
			baseConfigurationReference = 9E6F0C6F43E35CD015EEF840 /* Pods-HAI.debug.xcconfig */;
			buildSettings = {
				ASSETCATALOG_COMPILER_APPICON_NAME = AppIcon;
				CODE_SIGN_ENTITLEMENTS = HAI/HAI.entitlements;
				"CODE_SIGN_IDENTITY[sdk=iphoneos*]" = "iPhone Developer";
				DEVELOPMENT_TEAM = A5R29KHVUM;
				INFOPLIST_FILE = "$(SRCROOT)/HAI/Supporting Files/Info.plist";
				IPHONEOS_DEPLOYMENT_TARGET = 9.0;
				LD_RUNPATH_SEARCH_PATHS = "$(inherited) @executable_path/Frameworks";
				PRODUCT_BUNDLE_IDENTIFIER = com.congtyhai.HAI;
				PRODUCT_NAME = "$(TARGET_NAME)";
			};
			name = Debug;
		};
		9A5F19BE1D8E905800B2E5AB /* Release */ = {
			isa = XCBuildConfiguration;
			baseConfigurationReference = 89767553407CD20C1AB92B11 /* Pods-HAI.release.xcconfig */;
			buildSettings = {
				ASSETCATALOG_COMPILER_APPICON_NAME = AppIcon;
				CODE_SIGN_ENTITLEMENTS = HAI/HAI.entitlements;
				"CODE_SIGN_IDENTITY[sdk=iphoneos*]" = "iPhone Developer";
				DEVELOPMENT_TEAM = A5R29KHVUM;
				INFOPLIST_FILE = "$(SRCROOT)/HAI/Supporting Files/Info.plist";
				IPHONEOS_DEPLOYMENT_TARGET = 9.0;
				LD_RUNPATH_SEARCH_PATHS = "$(inherited) @executable_path/Frameworks";
				PRODUCT_BUNDLE_IDENTIFIER = com.congtyhai.HAI;
				PRODUCT_NAME = "$(TARGET_NAME)";
			};
			name = Release;
		};
		9A5F19C01D8E905800B2E5AB /* Debug */ = {
			isa = XCBuildConfiguration;
			buildSettings = {
				BUNDLE_LOADER = "$(TEST_HOST)";
				DEVELOPMENT_TEAM = A5R29KHVUM;
				INFOPLIST_FILE = TemplateObjCTests/Info.plist;
				LD_RUNPATH_SEARCH_PATHS = "$(inherited) @executable_path/Frameworks @loader_path/Frameworks";
				PRODUCT_BUNDLE_IDENTIFIER = com.dungdo.TemplateObjCTests;
				PRODUCT_NAME = "$(TARGET_NAME)";
				TEST_HOST = "$(BUILT_PRODUCTS_DIR)/HAI.app/HAI";
			};
			name = Debug;
		};
		9A5F19C11D8E905800B2E5AB /* Release */ = {
			isa = XCBuildConfiguration;
			buildSettings = {
				BUNDLE_LOADER = "$(TEST_HOST)";
				DEVELOPMENT_TEAM = A5R29KHVUM;
				INFOPLIST_FILE = TemplateObjCTests/Info.plist;
				LD_RUNPATH_SEARCH_PATHS = "$(inherited) @executable_path/Frameworks @loader_path/Frameworks";
				PRODUCT_BUNDLE_IDENTIFIER = com.dungdo.TemplateObjCTests;
				PRODUCT_NAME = "$(TARGET_NAME)";
				TEST_HOST = "$(BUILT_PRODUCTS_DIR)/HAI.app/HAI";
			};
			name = Release;
		};
		9A5F19C31D8E905800B2E5AB /* Debug */ = {
			isa = XCBuildConfiguration;
			buildSettings = {
				DEVELOPMENT_TEAM = A5R29KHVUM;
				INFOPLIST_FILE = TemplateObjCUITests/Info.plist;
				LD_RUNPATH_SEARCH_PATHS = "$(inherited) @executable_path/Frameworks @loader_path/Frameworks";
				PRODUCT_BUNDLE_IDENTIFIER = com.dungdo.TemplateObjCUITests;
				PRODUCT_NAME = "$(TARGET_NAME)";
				TEST_TARGET_NAME = TemplateObjC;
			};
			name = Debug;
		};
		9A5F19C41D8E905800B2E5AB /* Release */ = {
			isa = XCBuildConfiguration;
			buildSettings = {
				DEVELOPMENT_TEAM = A5R29KHVUM;
				INFOPLIST_FILE = TemplateObjCUITests/Info.plist;
				LD_RUNPATH_SEARCH_PATHS = "$(inherited) @executable_path/Frameworks @loader_path/Frameworks";
				PRODUCT_BUNDLE_IDENTIFIER = com.dungdo.TemplateObjCUITests;
				PRODUCT_NAME = "$(TARGET_NAME)";
				TEST_TARGET_NAME = TemplateObjC;
			};
			name = Release;
		};
/* End XCBuildConfiguration section */

/* Begin XCConfigurationList section */
		9A5F19871D8E905700B2E5AB /* Build configuration list for PBXProject "HAI" */ = {
			isa = XCConfigurationList;
			buildConfigurations = (
				9A5F19BA1D8E905800B2E5AB /* Debug */,
				9A5F19BB1D8E905800B2E5AB /* Release */,
			);
			defaultConfigurationIsVisible = 0;
			defaultConfigurationName = Release;
		};
		9A5F19BC1D8E905800B2E5AB /* Build configuration list for PBXNativeTarget "HAI" */ = {
			isa = XCConfigurationList;
			buildConfigurations = (
				9A5F19BD1D8E905800B2E5AB /* Debug */,
				9A5F19BE1D8E905800B2E5AB /* Release */,
			);
			defaultConfigurationIsVisible = 0;
			defaultConfigurationName = Release;
		};
		9A5F19BF1D8E905800B2E5AB /* Build configuration list for PBXNativeTarget "HAITests" */ = {
			isa = XCConfigurationList;
			buildConfigurations = (
				9A5F19C01D8E905800B2E5AB /* Debug */,
				9A5F19C11D8E905800B2E5AB /* Release */,
			);
			defaultConfigurationIsVisible = 0;
			defaultConfigurationName = Release;
		};
		9A5F19C21D8E905800B2E5AB /* Build configuration list for PBXNativeTarget "HAIUITests" */ = {
			isa = XCConfigurationList;
			buildConfigurations = (
				9A5F19C31D8E905800B2E5AB /* Debug */,
				9A5F19C41D8E905800B2E5AB /* Release */,
			);
			defaultConfigurationIsVisible = 0;
			defaultConfigurationName = Release;
		};
/* End XCConfigurationList section */
	};
	rootObject = 9A5F19841D8E905700B2E5AB /* Project object */;
}
